
Microsoft Visual Studio Solution File, Format Version 12.00
# Visual Studio Version 17
VisualStudioVersion = 17.4.33213.308
MinimumVisualStudioVersion = 10.0.40219.1
Project("{FAE04EC0-301F-11D3-BF4B-00C04F79EFBC}") = "Snaek", "Snaek.csproj", "{5CCA3E2B-14AD-488A-8F89-4417CF102152}"
EndProject
Global
	GlobalSection(SolutionConfigurationPlatforms) = preSolution
		Debug|Any CPU = Debug|Any CPU
		Release|Any CPU = Release|Any CPU
	EndGlobalSection
	GlobalSection(ProjectConfigurationPlatforms) = postSolution
		{5CCA3E2B-14AD-488A-8F89-4417CF102152}.Debug|Any CPU.ActiveCfg = Debug|Any CPU
		{5CCA3E2B-14AD-488A-8F89-4417CF102152}.Debug|Any CPU.Build.0 = Debug|Any CPU
		{5CCA3E2B-14AD-488A-8F89-4417CF102152}.Release|Any CPU.ActiveCfg = Release|Any CPU
		{5CCA3E2B-14AD-488A-8F89-4417CF102152}.Release|Any CPU.Build.0 = Release|Any CPU
	EndGlobalSection
	GlobalSection(SolutionProperties) = preSolution
		HideSolutionNode = FALSE
	EndGlobalSection
	GlobalSection(ExtensibilityGlobals) = postSolution
		SolutionGuid = {A6214DE7-A80A-4190-8FC5-C5CA7C1A44C7}
	EndGlobalSection
EndGlobal
